
Microsoft Visual Studio Solution File, Format Version 12.00
Project("{F2A71F9B-5D33-465A-A702-920D77279786}") = "advent-of-code-2024", "advent-of-code-2024.fsproj", "{75E8F28B-280C-4AA4-B76F-0D0D28CDCA3B}"
EndProject
Global
	GlobalSection(SolutionConfigurationPlatforms) = preSolution
		Debug|Any CPU = Debug|Any CPU
		Release|Any CPU = Release|Any CPU
	EndGlobalSection
	GlobalSection(ProjectConfigurationPlatforms) = postSolution
		{75E8F28B-280C-4AA4-B76F-0D0D28CDCA3B}.Debug|Any CPU.ActiveCfg = Debug|Any CPU
		{75E8F28B-280C-4AA4-B76F-0D0D28CDCA3B}.Debug|Any CPU.Build.0 = Debug|Any CPU
		{75E8F28B-280C-4AA4-B76F-0D0D28CDCA3B}.Release|Any CPU.ActiveCfg = Release|Any CPU
		{75E8F28B-280C-4AA4-B76F-0D0D28CDCA3B}.Release|Any CPU.Build.0 = Release|Any CPU
	EndGlobalSection
EndGlobal
